
Microsoft Visual Studio Solution File, Format Version 12.00
# Visual Studio Version 17
VisualStudioVersion = 17.0.31912.275
MinimumVisualStudioVersion = 10.0.40219.1
Project("{FAE04EC0-301F-11D3-BF4B-00C04F79EFBC}") = "Qualia.Umb.AjaxUniformResponseMiddleware", "Qualia.Umb.AjaxUniformResponseMiddleware\Qualia.Umb.AjaxUniformResponseMiddleware.csproj", "{FDFA6DE5-4FFE-43D7-B7C7-8C086D82BB14}"
EndProject
Global
	GlobalSection(SolutionConfigurationPlatforms) = preSolution
		Debug|Any CPU = Debug|Any CPU
		Release|Any CPU = Release|Any CPU
	EndGlobalSection
	GlobalSection(ProjectConfigurationPlatforms) = postSolution
		{FDFA6DE5-4FFE-43D7-B7C7-8C086D82BB14}.Debug|Any CPU.ActiveCfg = Debug|Any CPU
		{FDFA6DE5-4FFE-43D7-B7C7-8C086D82BB14}.Debug|Any CPU.Build.0 = Debug|Any CPU
		{FDFA6DE5-4FFE-43D7-B7C7-8C086D82BB14}.Release|Any CPU.ActiveCfg = Release|Any CPU
		{FDFA6DE5-4FFE-43D7-B7C7-8C086D82BB14}.Release|Any CPU.Build.0 = Release|Any CPU
	EndGlobalSection
	GlobalSection(SolutionProperties) = preSolution
		HideSolutionNode = FALSE
	EndGlobalSection
	GlobalSection(ExtensibilityGlobals) = postSolution
		SolutionGuid = {054B0ABB-DB52-4CC9-9A1E-2F8138C80690}
	EndGlobalSection
EndGlobal
